{
  "name": "aiwc-site",
  "lockfileVersion": 3,
  "requires": true,
  "packages": {
    "": {
      "name": "aiwc-site",
      "devDependencies": {
        "linkedom": "^0.18.5",
        "yaml": "^2.5.0"
      }
    },
    "node_modules/boolbase": {
      "version": "2.0.0",
      "dev": true,
      "license": "ISC",
      "engines": {
        "node": ">=20.19.0"
      },
      "funding": {
        "type": "github",
        "url": "https://github.com/sponsors/fb55"
      }
    },
    "node_modules/css-select": {
      "version": "7.0.0",
      "dev": true,
      "license": "BSD-2-Clause",
      "dependencies": {
        "boolbase": "^2.0.0",
        "css-what": "^8.0.0",
        "domhandler": "^6.0.1",
        "domutils": "^4.0.2",
        "nth-check": "^3.0.1"
      },
      "engines": {
        "node": ">=20.19.0"
      },
      "funding": {
        "type": "github",
        "url": "https://github.com/sponsors/fb55"
      }
    },
    "node_modules/css-what": {
      "version": "8.0.0",
      "dev": true,
      "license": "BSD-2-Clause",
      "engines": {
        "node": ">=20.19.0"
      },
      "funding": {
        "type": "github",
        "url": "https://github.com/sponsors/fb55"
      }
    },
    "node_modules/cssom": {
      "version": "0.5.0",
      "dev": true,
      "license": "MIT"
    },
    "node_modules/dom-serializer": {
      "version": "3.1.1",
      "dev": true,
      "license": "MIT",
      "dependencies": {
        "domelementtype": "^3.0.0",
        "domhandler": "^6.0.0",
        "entities": "^8.0.0"
      },
      "engines": {
        "node": ">=20.19.0"
      },
      "funding": {
        "type": "github",
        "url": "https://github.com/cheeriojs/dom-serializer?sponsor=1"
      }
    },
    "node_modules/domelementtype": {
      "version": "3.0.0",
      "dev": true,
      "funding": [
        {
          "type": "github",
          "url": "https://github.com/sponsors/fb55"
        }
      ],
      "license": "BSD-2-Clause",
      "engines": {
        "node": ">=20.19.0"
      }
    },
    "node_modules/domhandler": {
      "version": "6.0.1",
      "dev": true,
      "license": "BSD-2-Clause",
      "dependencies": {
        "domelementtype": "^3.0.0"
      },
      "engines": {
        "node": ">=20.19.0"
      },
      "funding": {
        "type": "github",
        "url": "https://github.com/fb55/domhandler?sponsor=1"
      }
    },
    "node_modules/domutils": {
      "version": "4.0.2",
      "dev": true,
      "license": "BSD-2-Clause",
      "dependencies": {
        "dom-serializer": "^3.0.0",
        "domelementtype": "^3.0.0",
        "domhandler": "^6.0.0"
      },
      "engines": {
        "node": ">=20.19.0"
      },
      "funding": {
        "type": "github",
        "url": "https://github.com/fb55/domutils?sponsor=1"
      }
    },
    "node_modules/entities": {
      "version": "8.0.0",
      "dev": true,
      "license": "BSD-2-Clause",
      "engines": {
        "node": ">=20.19.0"
      },
      "funding": {
        "url": "https://github.com/fb55/entities?sponsor=1"
      }
    },
    "node_modules/html-escaper": {
      "version": "3.0.3",
      "dev": true,
      "license": "MIT"
    },
    "node_modules/htmlparser2": {
      "version": "10.1.0",
      "dev": true,
      "funding": [
        "https://github.com/fb55/htmlparser2?sponsor=1",
        {
          "type": "github",
          "url": "https://github.com/sponsors/fb55"
        }
      ],
      "license": "MIT",
      "dependencies": {
        "domelementtype": "^2.3.0",
        "domhandler": "^5.0.3",
        "domutils": "^3.2.2",
        "entities": "^7.0.1"
      }
    },
    "node_modules/htmlparser2/node_modules/dom-serializer": {
      "version": "2.0.0",
      "dev": true,
      "license": "MIT",
      "dependencies": {
        "domelementtype": "^2.3.0",
        "domhandler": "^5.0.2",
        "entities": "^4.2.0"
      },
      "funding": {
        "url": "https://github.com/cheeriojs/dom-serializer?sponsor=1"
      }
    },
    "node_modules/htmlparser2/node_modules/dom-serializer/node_modules/entities": {
      "version": "4.5.0",
      "dev": true,
      "license": "BSD-2-Clause",
      "engines": {
        "node": ">=0.12"
      },
      "funding": {
        "url": "https://github.com/fb55/entities?sponsor=1"
      }
    },
    "node_modules/htmlparser2/node_modules/domelementtype": {
      "version": "2.3.0",
      "dev": true,
      "funding": [
        {
          "type": "github",
          "url": "https://github.com/sponsors/fb55"
        }
      ],
      "license": "BSD-2-Clause"
    },
    "node_modules/htmlparser2/node_modules/domhandler": {
      "version": "5.0.3",
      "dev": true,
      "license": "BSD-2-Clause",
      "dependencies": {
        "domelementtype": "^2.3.0"
      },
      "engines": {
        "node": ">= 4"
      },
      "funding": {
        "url": "https://github.com/fb55/domhandler?sponsor=1"
      }
    },
    "node_modules/htmlparser2/node_modules/domutils": {
      "version": "3.2.2",
      "dev": true,
      "license": "BSD-2-Clause",
      "dependencies": {
        "dom-serializer": "^2.0.0",
        "domelementtype": "^2.3.0",
        "domhandler": "^5.0.3"
      },
      "funding": {
        "url": "https://github.com/fb55/domutils?sponsor=1"
      }
    },
    "node_modules/htmlparser2/node_modules/entities": {
      "version": "7.0.1",
      "dev": true,
      "license": "BSD-2-Clause",
      "engines": {
        "node": ">=0.12"
      },
      "funding": {
        "url": "https://github.com/fb55/entities?sponsor=1"
      }
    },
    "node_modules/linkedom": {
      "version": "0.18.13",
      "dev": true,
      "license": "ISC",
      "dependencies": {
        "css-select": "^7.0.0",
        "cssom": "^0.5.0",
        "html-escaper": "^3.0.3",
        "htmlparser2": "^10.1.0",
        "uhyphen": "^0.2.0"
      },
      "engines": {
        "node": ">=16"
      },
      "peerDependencies": {
        "canvas": ">= 2"
      },
      "peerDependenciesMeta": {
        "canvas": {
          "optional": true
        }
      }
    },
    "node_modules/nth-check": {
      "version": "3.0.1",
      "dev": true,
      "license": "BSD-2-Clause",
      "dependencies": {
        "boolbase": "^2.0.0"
      },
      "engines": {
        "node": ">=20.19.0"
      },
      "funding": {
        "type": "github",
        "url": "https://github.com/fb55/nth-check?sponsor=1"
      }
    },
    "node_modules/uhyphen": {
      "version": "0.2.0",
      "dev": true,
      "license": "ISC"
    },
    "node_modules/yaml": {
      "version": "2.9.0",
      "dev": true,
      "license": "ISC",
      "bin": {
        "yaml": "bin.mjs"
      },
      "engines": {
        "node": ">= 14.6"
      },
      "funding": {
        "url": "https://github.com/sponsors/eemeli"
      }
    }
  }
}
